
Microsoft Visual Studio Solution File, Format Version 11.00
# Visual Studio 2010
Project("{FAE04EC0-301F-11D3-BF4B-00C04F79EFBC}") = "Rayner.Data", "Rayner.Data\Rayner.Data.csproj", "{19374CBE-D4AE-41BB-8132-0714F0049A77}"
EndProject
Project("{FAE04EC0-301F-11D3-BF4B-00C04F79EFBC}") = "Rayner.Extensions", "Rayner.Extensions\Rayner.Extensions.csproj", "{7993AAD5-E6A6-4768-9951-278E713B6E1B}"
EndProject
Project("{FAE04EC0-301F-11D3-BF4B-00C04F79EFBC}") = "Rayner.Tester", "Rayner.Tester\Rayner.Tester.csproj", "{B36FEACB-E3A1-4BED-AB25-30F493637BF8}"
EndProject
Global
	GlobalSection(SolutionConfigurationPlatforms) = preSolution
		Debug|Any CPU = Debug|Any CPU
		Debug|Mixed Platforms = Debug|Mixed Platforms
		Debug|x86 = Debug|x86
		Release|Any CPU = Release|Any CPU
		Release|Mixed Platforms = Release|Mixed Platforms
		Release|x86 = Release|x86
	EndGlobalSection
	GlobalSection(ProjectConfigurationPlatforms) = postSolution
		{19374CBE-D4AE-41BB-8132-0714F0049A77}.Debug|Any CPU.ActiveCfg = Debug|Any CPU
		{19374CBE-D4AE-41BB-8132-0714F0049A77}.Debug|Any CPU.Build.0 = Debug|Any CPU
		{19374CBE-D4AE-41BB-8132-0714F0049A77}.Debug|Mixed Platforms.ActiveCfg = Debug|Any CPU
		{19374CBE-D4AE-41BB-8132-0714F0049A77}.Debug|Mixed Platforms.Build.0 = Debug|Any CPU
		{19374CBE-D4AE-41BB-8132-0714F0049A77}.Debug|x86.ActiveCfg = Debug|Any CPU
		{19374CBE-D4AE-41BB-8132-0714F0049A77}.Release|Any CPU.ActiveCfg = Release|Any CPU
		{19374CBE-D4AE-41BB-8132-0714F0049A77}.Release|Any CPU.Build.0 = Release|Any CPU
		{19374CBE-D4AE-41BB-8132-0714F0049A77}.Release|Mixed Platforms.ActiveCfg = Release|Any CPU
		{19374CBE-D4AE-41BB-8132-0714F0049A77}.Release|Mixed Platforms.Build.0 = Release|Any CPU
		{19374CBE-D4AE-41BB-8132-0714F0049A77}.Release|x86.ActiveCfg = Release|Any CPU
		{7993AAD5-E6A6-4768-9951-278E713B6E1B}.Debug|Any CPU.ActiveCfg = Debug|Any CPU
		{7993AAD5-E6A6-4768-9951-278E713B6E1B}.Debug|Any CPU.Build.0 = Debug|Any CPU
		{7993AAD5-E6A6-4768-9951-278E713B6E1B}.Debug|Mixed Platforms.ActiveCfg = Debug|Any CPU
		{7993AAD5-E6A6-4768-9951-278E713B6E1B}.Debug|Mixed Platforms.Build.0 = Debug|Any CPU
		{7993AAD5-E6A6-4768-9951-278E713B6E1B}.Debug|x86.ActiveCfg = Debug|Any CPU
		{7993AAD5-E6A6-4768-9951-278E713B6E1B}.Release|Any CPU.ActiveCfg = Release|Any CPU
		{7993AAD5-E6A6-4768-9951-278E713B6E1B}.Release|Any CPU.Build.0 = Release|Any CPU
		{7993AAD5-E6A6-4768-9951-278E713B6E1B}.Release|Mixed Platforms.ActiveCfg = Release|Any CPU
		{7993AAD5-E6A6-4768-9951-278E713B6E1B}.Release|Mixed Platforms.Build.0 = Release|Any CPU
		{7993AAD5-E6A6-4768-9951-278E713B6E1B}.Release|x86.ActiveCfg = Release|Any CPU
		{B36FEACB-E3A1-4BED-AB25-30F493637BF8}.Debug|Any CPU.ActiveCfg = Debug|x86
		{B36FEACB-E3A1-4BED-AB25-30F493637BF8}.Debug|Mixed Platforms.ActiveCfg = Debug|x86
		{B36FEACB-E3A1-4BED-AB25-30F493637BF8}.Debug|Mixed Platforms.Build.0 = Debug|x86
		{B36FEACB-E3A1-4BED-AB25-30F493637BF8}.Debug|x86.ActiveCfg = Debug|x86
		{B36FEACB-E3A1-4BED-AB25-30F493637BF8}.Debug|x86.Build.0 = Debug|x86
		{B36FEACB-E3A1-4BED-AB25-30F493637BF8}.Release|Any CPU.ActiveCfg = Release|x86
		{B36FEACB-E3A1-4BED-AB25-30F493637BF8}.Release|Mixed Platforms.ActiveCfg = Release|x86
		{B36FEACB-E3A1-4BED-AB25-30F493637BF8}.Release|Mixed Platforms.Build.0 = Release|x86
		{B36FEACB-E3A1-4BED-AB25-30F493637BF8}.Release|x86.ActiveCfg = Release|x86
		{B36FEACB-E3A1-4BED-AB25-30F493637BF8}.Release|x86.Build.0 = Release|x86
	EndGlobalSection
	GlobalSection(SolutionProperties) = preSolution
		HideSolutionNode = FALSE
	EndGlobalSection
EndGlobal
